// !$*UTF8*$!
{
	archiveVersion = 1;
	classes = {
	};
	objectVersion = 52;
	objects = {

/* Begin PBXBuildFile section */
		3F1121AB2548550200AB2C95 /* RxSwift in Frameworks */ = {isa = PBXBuildFile; productRef = 3F1121AA2548550200AB2C95 /* RxSwift */; };
		3F1121AD2548550200AB2C95 /* RxCocoa in Frameworks */ = {isa = PBXBuildFile; productRef = 3F1121AC2548550200AB2C95 /* RxCocoa */; };
		3F1121AF2548550200AB2C95 /* RxRelay in Frameworks */ = {isa = PBXBuildFile; productRef = 3F1121AE2548550200AB2C95 /* RxRelay */; };
		3F1121B32548567700AB2C95 /* ReactorKit in Frameworks */ = {isa = PBXBuildFile; productRef = 3F1121B22548567700AB2C95 /* ReactorKit */; };
		3F1121B7254856E800AB2C95 /* SnapKit in Frameworks */ = {isa = PBXBuildFile; productRef = 3F1121B6254856E800AB2C95 /* SnapKit */; };
		3F1121BB2548580C00AB2C95 /* Moya in Frameworks */ = {isa = PBXBuildFile; productRef = 3F1121BA2548580C00AB2C95 /* Moya */; };
		3F1121BD2548580C00AB2C95 /* RxMoya in Frameworks */ = {isa = PBXBuildFile; productRef = 3F1121BC2548580C00AB2C95 /* RxMoya */; };
		3F1121C125485AC500AB2C95 /* CompositionRoot.swift in Sources */ = {isa = PBXBuildFile; fileRef = 3F1121C025485AC500AB2C95 /* CompositionRoot.swift */; };
		3F1121C72548628400AB2C95 /* BaseViewController.swift in Sources */ = {isa = PBXBuildFile; fileRef = 3F1121C62548628400AB2C95 /* BaseViewController.swift */; };
		3F1121CA2548632C00AB2C95 /* SplashViewReactor.swift in Sources */ = {isa = PBXBuildFile; fileRef = 3F1121C92548632C00AB2C95 /* SplashViewReactor.swift */; };
		3F1121D02548673B00AB2C95 /* Lottie in Frameworks */ = {isa = PBXBuildFile; productRef = 3F1121CF2548673B00AB2C95 /* Lottie */; };
		3F1121D4254868E100AB2C95 /* Splash.json in Resources */ = {isa = PBXBuildFile; fileRef = 3F1121D3254868E100AB2C95 /* Splash.json */; };
		3F1121D9254875BE00AB2C95 /* RxViewController in Frameworks */ = {isa = PBXBuildFile; productRef = 3F1121D8254875BE00AB2C95 /* RxViewController */; };
		3F226BD42562C6A1007BCDD0 /* MarkerService.swift in Sources */ = {isa = PBXBuildFile; fileRef = 3F226BD32562C6A1007BCDD0 /* MarkerService.swift */; };
		3F226BD6256452D5007BCDD0 /* Page.swift in Sources */ = {isa = PBXBuildFile; fileRef = 3F226BD5256452D5007BCDD0 /* Page.swift */; };
		3F2986B2254AE5F0003F112F /* SignInViewController.swift in Sources */ = {isa = PBXBuildFile; fileRef = 3F2986B1254AE5F0003F112F /* SignInViewController.swift */; };
		3F2986BC254AF76E003F112F /* GoogleSignIn.bundle in Resources */ = {isa = PBXBuildFile; fileRef = 3F2986B9254AF76E003F112F /* GoogleSignIn.bundle */; };
		3F2986BD254AF76E003F112F /* GoogleSignIn.framework in Frameworks */ = {isa = PBXBuildFile; fileRef = 3F2986BA254AF76E003F112F /* GoogleSignIn.framework */; };
		3F2986BE254AF76E003F112F /* GoogleSignInDependencies.framework in Frameworks */ = {isa = PBXBuildFile; fileRef = 3F2986BB254AF76E003F112F /* GoogleSignInDependencies.framework */; };
		3F2986C2254AF7C7003F112F /* LocalAuthentication.framework in Frameworks */ = {isa = PBXBuildFile; fileRef = 3F2986C1254AF7C7003F112F /* LocalAuthentication.framework */; };
		3F2986C4254AF7CE003F112F /* SafariServices.framework in Frameworks */ = {isa = PBXBuildFile; fileRef = 3F2986C3254AF7CE003F112F /* SafariServices.framework */; };
		3F2986C6254AF7D7003F112F /* AuthenticationServices.framework in Frameworks */ = {isa = PBXBuildFile; fileRef = 3F2986C5254AF7D6003F112F /* AuthenticationServices.framework */; };
		3F2986C8254AF7E0003F112F /* SystemConfiguration.framework in Frameworks */ = {isa = PBXBuildFile; fileRef = 3F2986C7254AF7E0003F112F /* SystemConfiguration.framework */; };
		3F2986CC254B0849003F112F /* SignInViewReactor.swift in Sources */ = {isa = PBXBuildFile; fileRef = 3F2986CB254B0849003F112F /* SignInViewReactor.swift */; };
		3F2986D0254B0C10003F112F /* Hero in Frameworks */ = {isa = PBXBuildFile; productRef = 3F2986CF254B0C10003F112F /* Hero */; };
		3F2986D4254B13CC003F112F /* ClipperAPI.swift in Sources */ = {isa = PBXBuildFile; fileRef = 3F2986D3254B13CC003F112F /* ClipperAPI.swift */; };
		3F2986D8254B1C27003F112F /* UserService.swift in Sources */ = {isa = PBXBuildFile; fileRef = 3F2986D7254B1C27003F112F /* UserService.swift */; };
		3F2986DF254B3A45003F112F /* User.swift in Sources */ = {isa = PBXBuildFile; fileRef = 3F2986DE254B3A45003F112F /* User.swift */; };
		3F2986E4254B3C30003F112F /* KeychainAccess in Frameworks */ = {isa = PBXBuildFile; productRef = 3F2986E3254B3C30003F112F /* KeychainAccess */; };
		3F2986E7254B3C58003F112F /* AuthService.swift in Sources */ = {isa = PBXBuildFile; fileRef = 3F2986E6254B3C58003F112F /* AuthService.swift */; };
		3F3D382B254F5460005F35BC /* ReactorKit+Extension.swift in Sources */ = {isa = PBXBuildFile; fileRef = 3F3D382A254F5460005F35BC /* ReactorKit+Extension.swift */; };
		3F3D382F254F5CAA005F35BC /* BaseNavigationController.swift in Sources */ = {isa = PBXBuildFile; fileRef = 3F3D382E254F5CAA005F35BC /* BaseNavigationController.swift */; };
		3F3D3835254F7216005F35BC /* AuthPlugin.swift in Sources */ = {isa = PBXBuildFile; fileRef = 3F3D3834254F7216005F35BC /* AuthPlugin.swift */; };
		3F3D3839254F77E9005F35BC /* GreetingViewController.swift in Sources */ = {isa = PBXBuildFile; fileRef = 3F3D3838254F77E9005F35BC /* GreetingViewController.swift */; };
		3F3D383C254F77F5005F35BC /* GreetingViewReactor.swift in Sources */ = {isa = PBXBuildFile; fileRef = 3F3D383B254F77F5005F35BC /* GreetingViewReactor.swift */; };
		3F3D38402552B86B005F35BC /* MapAccessoriesView.swift in Sources */ = {isa = PBXBuildFile; fileRef = 3F3D383F2552B86B005F35BC /* MapAccessoriesView.swift */; };
		3F3D38472552CA02005F35BC /* RxCoreLocation in Frameworks */ = {isa = PBXBuildFile; productRef = 3F3D38462552CA02005F35BC /* RxCoreLocation */; };
		3F3D384A2552CA80005F35BC /* LocationService.swift in Sources */ = {isa = PBXBuildFile; fileRef = 3F3D38492552CA80005F35BC /* LocationService.swift */; };
		3F3D385625530467005F35BC /* LocationAuthorizationView.swift in Sources */ = {isa = PBXBuildFile; fileRef = 3F3D385525530467005F35BC /* LocationAuthorizationView.swift */; };
		3F3D388C2554261D005F35BC /* Clip.swift in Sources */ = {isa = PBXBuildFile; fileRef = 3F3D388B2554261D005F35BC /* Clip.swift */; };
		3F3D388E255428C3005F35BC /* ClipService.swift in Sources */ = {isa = PBXBuildFile; fileRef = 3F3D388D255428C3005F35BC /* ClipService.swift */; };
		3F43822B25720F52008F9805 /* ClipListViewController.swift in Sources */ = {isa = PBXBuildFile; fileRef = 3F43822A25720F52008F9805 /* ClipListViewController.swift */; };
		3F43822D257210C7008F9805 /* ClipListViewReactor.swift in Sources */ = {isa = PBXBuildFile; fileRef = 3F43822C257210C7008F9805 /* ClipListViewReactor.swift */; };
		3F43822F257225B3008F9805 /* ClipListViewSection.swift in Sources */ = {isa = PBXBuildFile; fileRef = 3F43822E257225B3008F9805 /* ClipListViewSection.swift */; };
		3F438231257226B8008F9805 /* ClipCell.swift in Sources */ = {isa = PBXBuildFile; fileRef = 3F438230257226B8008F9805 /* ClipCell.swift */; };
		3F438233257226DE008F9805 /* ClipCellReactor.swift in Sources */ = {isa = PBXBuildFile; fileRef = 3F438232257226DE008F9805 /* ClipCellReactor.swift */; };
		3F4382352573BB4E008F9805 /* ClipDetailViewController.swift in Sources */ = {isa = PBXBuildFile; fileRef = 3F4382342573BB4E008F9805 /* ClipDetailViewController.swift */; };
		3F4382372573BB60008F9805 /* ClipDetailViewReactor.swift in Sources */ = {isa = PBXBuildFile; fileRef = 3F4382362573BB60008F9805 /* ClipDetailViewReactor.swift */; };
		3F54A5C8257A3FAC00375CBD /* AuthorView.swift in Sources */ = {isa = PBXBuildFile; fileRef = 3F54A5C7257A3FAC00375CBD /* AuthorView.swift */; };
		3F6480C4255A40EF00B5BF6A /* NewClipViewController.swift in Sources */ = {isa = PBXBuildFile; fileRef = 3F6480C3255A40EF00B5BF6A /* NewClipViewController.swift */; };
		3F6480C6255A40FD00B5BF6A /* NewClipViewReactor.swift in Sources */ = {isa = PBXBuildFile; fileRef = 3F6480C5255A40FD00B5BF6A /* NewClipViewReactor.swift */; };
		3F6480CA255BA4A300B5BF6A /* MarkerViewController.swift in Sources */ = {isa = PBXBuildFile; fileRef = 3F6480C9255BA4A300B5BF6A /* MarkerViewController.swift */; };
		3F6480CC255BA59300B5BF6A /* MarkerViewReactor.swift in Sources */ = {isa = PBXBuildFile; fileRef = 3F6480CB255BA59300B5BF6A /* MarkerViewReactor.swift */; };
		3F6480CF255BA7B200B5BF6A /* ReusableKit in Frameworks */ = {isa = PBXBuildFile; productRef = 3F6480CE255BA7B200B5BF6A /* ReusableKit */; };
		3F6480D1255BA7B200B5BF6A /* RxReusableKit in Frameworks */ = {isa = PBXBuildFile; productRef = 3F6480D0255BA7B200B5BF6A /* RxReusableKit */; };
		3F6480D4255BA93000B5BF6A /* Differentiator in Frameworks */ = {isa = PBXBuildFile; productRef = 3F6480D3255BA93000B5BF6A /* Differentiator */; };
		3F6480D6255BA93000B5BF6A /* RxDataSources in Frameworks */ = {isa = PBXBuildFile; productRef = 3F6480D5255BA93000B5BF6A /* RxDataSources */; };
		3F6480D9255BAAA100B5BF6A /* MarkerViewSection.swift in Sources */ = {isa = PBXBuildFile; fileRef = 3F6480D8255BAAA100B5BF6A /* MarkerViewSection.swift */; };
		3F6480DB255BAE3A00B5BF6A /* MarkerViewActionCell.swift in Sources */ = {isa = PBXBuildFile; fileRef = 3F6480DA255BAE3A00B5BF6A /* MarkerViewActionCell.swift */; };
		3F6480DD255BAE6900B5BF6A /* BaseTableViewCell.swift in Sources */ = {isa = PBXBuildFile; fileRef = 3F6480DC255BAE6900B5BF6A /* BaseTableViewCell.swift */; };
		3F6480E1255BCC4C00B5BF6A /* MarkerViewLocationCell.swift in Sources */ = {isa = PBXBuildFile; fileRef = 3F6480E0255BCC4C00B5BF6A /* MarkerViewLocationCell.swift */; };
		3F6480E3255BCD0D00B5BF6A /* MarkerViewLoactionCellReactor.swift in Sources */ = {isa = PBXBuildFile; fileRef = 3F6480E2255BCD0D00B5BF6A /* MarkerViewLoactionCellReactor.swift */; };
		3F6480E5255C0F2400B5BF6A /* Marker.swift in Sources */ = {isa = PBXBuildFile; fileRef = 3F6480E4255C0F2400B5BF6A /* Marker.swift */; };
		3F6480E7255C165000B5BF6A /* MarkerViewItemCell.swift in Sources */ = {isa = PBXBuildFile; fileRef = 3F6480E6255C165000B5BF6A /* MarkerViewItemCell.swift */; };
		3F6480E9255C167000B5BF6A /* MarkerViewItemCellReactor.swift in Sources */ = {isa = PBXBuildFile; fileRef = 3F6480E8255C167000B5BF6A /* MarkerViewItemCellReactor.swift */; };
		3F68F762254840DF0064C59A /* AppDelegate.swift in Sources */ = {isa = PBXBuildFile; fileRef = 3F68F761254840DF0064C59A /* AppDelegate.swift */; };
		3F68F766254840DF0064C59A /* SplashViewController.swift in Sources */ = {isa = PBXBuildFile; fileRef = 3F68F765254840DF0064C59A /* SplashViewController.swift */; };
		3F68F76B254840E20064C59A /* Assets.xcassets in Resources */ = {isa = PBXBuildFile; fileRef = 3F68F76A254840E20064C59A /* Assets.xcassets */; };
		3F68F76E254840E20064C59A /* LaunchScreen.storyboard in Resources */ = {isa = PBXBuildFile; fileRef = 3F68F76C254840E20064C59A /* LaunchScreen.storyboard */; };
		3F7D2C622565655F00270714 /* Navigator.swift in Sources */ = {isa = PBXBuildFile; fileRef = 3F7D2C612565655F00270714 /* Navigator.swift */; };
		3F7D2C652568373200270714 /* MoyaSugar in Frameworks */ = {isa = PBXBuildFile; productRef = 3F7D2C642568373200270714 /* MoyaSugar */; };
		3F7D2C672568428B00270714 /* UITableView+Rx.swift in Sources */ = {isa = PBXBuildFile; fileRef = 3F7D2C662568428B00270714 /* UITableView+Rx.swift */; };
		3F7D2C6A256DC3EB00270714 /* TrackedValue.swift in Sources */ = {isa = PBXBuildFile; fileRef = 3F7D2C69256DC3EB00270714 /* TrackedValue.swift */; };
		3FB849E9254F397400C40CF6 /* FloatingPanel in Frameworks */ = {isa = PBXBuildFile; productRef = 3FB849E8254F397400C40CF6 /* FloatingPanel */; };
		3FB849EC254F39E300C40CF6 /* MainViewController.swift in Sources */ = {isa = PBXBuildFile; fileRef = 3FB849EB254F39E300C40CF6 /* MainViewController.swift */; };
		3FB849F4254F3F3E00C40CF6 /* NMapsMap in Frameworks */ = {isa = PBXBuildFile; productRef = 3FB849F3254F3F3E00C40CF6 /* NMapsMap */; };
		3FB849F7254F46EC00C40CF6 /* MainViewReactor.swift in Sources */ = {isa = PBXBuildFile; fileRef = 3FB849F6254F46EC00C40CF6 /* MainViewReactor.swift */; };
		3FB849FA254F48F700C40CF6 /* SignUpViewController.swift in Sources */ = {isa = PBXBuildFile; fileRef = 3FB849F9254F48F700C40CF6 /* SignUpViewController.swift */; };
		3FB849FE254F491500C40CF6 /* SignUpViewReactor.swift in Sources */ = {isa = PBXBuildFile; fileRef = 3FB849FD254F491500C40CF6 /* SignUpViewReactor.swift */; };
/* End PBXBuildFile section */

/* Begin PBXCopyFilesBuildPhase section */
		3F3D38512552E6AA005F35BC /* CopyFiles */ = {
			isa = PBXCopyFilesBuildPhase;
			buildActionMask = 2147483647;
			dstPath = "";
			dstSubfolderSpec = 10;
			files = (
			);
			runOnlyForDeploymentPostprocessing = 0;
		};
/* End PBXCopyFilesBuildPhase section */

/* Begin PBXFileReference section */
		3F1121C025485AC500AB2C95 /* CompositionRoot.swift */ = {isa = PBXFileReference; lastKnownFileType = sourcecode.swift; path = CompositionRoot.swift; sourceTree = "<group>"; };
		3F1121C62548628400AB2C95 /* BaseViewController.swift */ = {isa = PBXFileReference; lastKnownFileType = sourcecode.swift; path = BaseViewController.swift; sourceTree = "<group>"; };
		3F1121C92548632C00AB2C95 /* SplashViewReactor.swift */ = {isa = PBXFileReference; lastKnownFileType = sourcecode.swift; path = SplashViewReactor.swift; sourceTree = "<group>"; };
		3F1121D3254868E100AB2C95 /* Splash.json */ = {isa = PBXFileReference; fileEncoding = 4; lastKnownFileType = text.json; path = Splash.json; sourceTree = "<group>"; };
		3F226BD32562C6A1007BCDD0 /* MarkerService.swift */ = {isa = PBXFileReference; lastKnownFileType = sourcecode.swift; path = MarkerService.swift; sourceTree = "<group>"; };
		3F226BD5256452D5007BCDD0 /* Page.swift */ = {isa = PBXFileReference; lastKnownFileType = sourcecode.swift; path = Page.swift; sourceTree = "<group>"; };
		3F2986B1254AE5F0003F112F /* SignInViewController.swift */ = {isa = PBXFileReference; lastKnownFileType = sourcecode.swift; path = SignInViewController.swift; sourceTree = "<group>"; };
		3F2986B9254AF76E003F112F /* GoogleSignIn.bundle */ = {isa = PBXFileReference; lastKnownFileType = "wrapper.plug-in"; path = GoogleSignIn.bundle; sourceTree = "<group>"; };
		3F2986BA254AF76E003F112F /* GoogleSignIn.framework */ = {isa = PBXFileReference; lastKnownFileType = wrapper.framework; path = GoogleSignIn.framework; sourceTree = "<group>"; };
		3F2986BB254AF76E003F112F /* GoogleSignInDependencies.framework */ = {isa = PBXFileReference; lastKnownFileType = wrapper.framework; path = GoogleSignInDependencies.framework; sourceTree = "<group>"; };
		3F2986C1254AF7C7003F112F /* LocalAuthentication.framework */ = {isa = PBXFileReference; lastKnownFileType = wrapper.framework; name = LocalAuthentication.framework; path = System/Library/Frameworks/LocalAuthentication.framework; sourceTree = SDKROOT; };
		3F2986C3254AF7CE003F112F /* SafariServices.framework */ = {isa = PBXFileReference; lastKnownFileType = wrapper.framework; name = SafariServices.framework; path = System/Library/Frameworks/SafariServices.framework; sourceTree = SDKROOT; };
		3F2986C5254AF7D6003F112F /* AuthenticationServices.framework */ = {isa = PBXFileReference; lastKnownFileType = wrapper.framework; name = AuthenticationServices.framework; path = System/Library/Frameworks/AuthenticationServices.framework; sourceTree = SDKROOT; };
		3F2986C7254AF7E0003F112F /* SystemConfiguration.framework */ = {isa = PBXFileReference; lastKnownFileType = wrapper.framework; name = SystemConfiguration.framework; path = System/Library/Frameworks/SystemConfiguration.framework; sourceTree = SDKROOT; };
		3F2986CB254B0849003F112F /* SignInViewReactor.swift */ = {isa = PBXFileReference; lastKnownFileType = sourcecode.swift; path = SignInViewReactor.swift; sourceTree = "<group>"; };
		3F2986D3254B13CC003F112F /* ClipperAPI.swift */ = {isa = PBXFileReference; lastKnownFileType = sourcecode.swift; path = ClipperAPI.swift; sourceTree = "<group>"; };
		3F2986D7254B1C27003F112F /* UserService.swift */ = {isa = PBXFileReference; lastKnownFileType = sourcecode.swift; path = UserService.swift; sourceTree = "<group>"; };
		3F2986DE254B3A45003F112F /* User.swift */ = {isa = PBXFileReference; lastKnownFileType = sourcecode.swift; path = User.swift; sourceTree = "<group>"; };
		3F2986E6254B3C58003F112F /* AuthService.swift */ = {isa = PBXFileReference; lastKnownFileType = sourcecode.swift; path = AuthService.swift; sourceTree = "<group>"; };
		3F3D382A254F5460005F35BC /* ReactorKit+Extension.swift */ = {isa = PBXFileReference; lastKnownFileType = sourcecode.swift; path = "ReactorKit+Extension.swift"; sourceTree = "<group>"; };
		3F3D382E254F5CAA005F35BC /* BaseNavigationController.swift */ = {isa = PBXFileReference; lastKnownFileType = sourcecode.swift; path = BaseNavigationController.swift; sourceTree = "<group>"; };
		3F3D3834254F7216005F35BC /* AuthPlugin.swift */ = {isa = PBXFileReference; lastKnownFileType = sourcecode.swift; path = AuthPlugin.swift; sourceTree = "<group>"; };
		3F3D3838254F77E9005F35BC /* GreetingViewController.swift */ = {isa = PBXFileReference; lastKnownFileType = sourcecode.swift; path = GreetingViewController.swift; sourceTree = "<group>"; };
		3F3D383B254F77F5005F35BC /* GreetingViewReactor.swift */ = {isa = PBXFileReference; lastKnownFileType = sourcecode.swift; path = GreetingViewReactor.swift; sourceTree = "<group>"; };
		3F3D383F2552B86B005F35BC /* MapAccessoriesView.swift */ = {isa = PBXFileReference; lastKnownFileType = sourcecode.swift; path = MapAccessoriesView.swift; sourceTree = "<group>"; };
		3F3D38492552CA80005F35BC /* LocationService.swift */ = {isa = PBXFileReference; lastKnownFileType = sourcecode.swift; path = LocationService.swift; sourceTree = "<group>"; };
		3F3D385525530467005F35BC /* LocationAuthorizationView.swift */ = {isa = PBXFileReference; lastKnownFileType = sourcecode.swift; path = LocationAuthorizationView.swift; sourceTree = "<group>"; };
		3F3D388B2554261D005F35BC /* Clip.swift */ = {isa = PBXFileReference; lastKnownFileType = sourcecode.swift; path = Clip.swift; sourceTree = "<group>"; };
		3F3D388D255428C3005F35BC /* ClipService.swift */ = {isa = PBXFileReference; lastKnownFileType = sourcecode.swift; path = ClipService.swift; sourceTree = "<group>"; };
		3F43822A25720F52008F9805 /* ClipListViewController.swift */ = {isa = PBXFileReference; lastKnownFileType = sourcecode.swift; path = ClipListViewController.swift; sourceTree = "<group>"; };
		3F43822C257210C7008F9805 /* ClipListViewReactor.swift */ = {isa = PBXFileReference; lastKnownFileType = sourcecode.swift; path = ClipListViewReactor.swift; sourceTree = "<group>"; };
		3F43822E257225B3008F9805 /* ClipListViewSection.swift */ = {isa = PBXFileReference; lastKnownFileType = sourcecode.swift; path = ClipListViewSection.swift; sourceTree = "<group>"; };
		3F438230257226B8008F9805 /* ClipCell.swift */ = {isa = PBXFileReference; lastKnownFileType = sourcecode.swift; path = ClipCell.swift; sourceTree = "<group>"; };
		3F438232257226DE008F9805 /* ClipCellReactor.swift */ = {isa = PBXFileReference; lastKnownFileType = sourcecode.swift; path = ClipCellReactor.swift; sourceTree = "<group>"; };
		3F4382342573BB4E008F9805 /* ClipDetailViewController.swift */ = {isa = PBXFileReference; lastKnownFileType = sourcecode.swift; path = ClipDetailViewController.swift; sourceTree = "<group>"; };
		3F4382362573BB60008F9805 /* ClipDetailViewReactor.swift */ = {isa = PBXFileReference; lastKnownFileType = sourcecode.swift; path = ClipDetailViewReactor.swift; sourceTree = "<group>"; };
		3F54A5C7257A3FAC00375CBD /* AuthorView.swift */ = {isa = PBXFileReference; lastKnownFileType = sourcecode.swift; path = AuthorView.swift; sourceTree = "<group>"; };
		3F6480C3255A40EF00B5BF6A /* NewClipViewController.swift */ = {isa = PBXFileReference; lastKnownFileType = sourcecode.swift; path = NewClipViewController.swift; sourceTree = "<group>"; };
		3F6480C5255A40FD00B5BF6A /* NewClipViewReactor.swift */ = {isa = PBXFileReference; lastKnownFileType = sourcecode.swift; path = NewClipViewReactor.swift; sourceTree = "<group>"; };
		3F6480C9255BA4A300B5BF6A /* MarkerViewController.swift */ = {isa = PBXFileReference; lastKnownFileType = sourcecode.swift; path = MarkerViewController.swift; sourceTree = "<group>"; };
		3F6480CB255BA59300B5BF6A /* MarkerViewReactor.swift */ = {isa = PBXFileReference; lastKnownFileType = sourcecode.swift; path = MarkerViewReactor.swift; sourceTree = "<group>"; };
		3F6480D8255BAAA100B5BF6A /* MarkerViewSection.swift */ = {isa = PBXFileReference; lastKnownFileType = sourcecode.swift; path = MarkerViewSection.swift; sourceTree = "<group>"; };
		3F6480DA255BAE3A00B5BF6A /* MarkerViewActionCell.swift */ = {isa = PBXFileReference; lastKnownFileType = sourcecode.swift; path = MarkerViewActionCell.swift; sourceTree = "<group>"; };
		3F6480DC255BAE6900B5BF6A /* BaseTableViewCell.swift */ = {isa = PBXFileReference; lastKnownFileType = sourcecode.swift; path = BaseTableViewCell.swift; sourceTree = "<group>"; };
		3F6480E0255BCC4C00B5BF6A /* MarkerViewLocationCell.swift */ = {isa = PBXFileReference; lastKnownFileType = sourcecode.swift; path = MarkerViewLocationCell.swift; sourceTree = "<group>"; };
		3F6480E2255BCD0D00B5BF6A /* MarkerViewLoactionCellReactor.swift */ = {isa = PBXFileReference; lastKnownFileType = sourcecode.swift; path = MarkerViewLoactionCellReactor.swift; sourceTree = "<group>"; };
		3F6480E4255C0F2400B5BF6A /* Marker.swift */ = {isa = PBXFileReference; lastKnownFileType = sourcecode.swift; path = Marker.swift; sourceTree = "<group>"; };
		3F6480E6255C165000B5BF6A /* MarkerViewItemCell.swift */ = {isa = PBXFileReference; lastKnownFileType = sourcecode.swift; path = MarkerViewItemCell.swift; sourceTree = "<group>"; };
		3F6480E8255C167000B5BF6A /* MarkerViewItemCellReactor.swift */ = {isa = PBXFileReference; lastKnownFileType = sourcecode.swift; path = MarkerViewItemCellReactor.swift; sourceTree = "<group>"; };
		3F68F75E254840DF0064C59A /* Clipper.app */ = {isa = PBXFileReference; explicitFileType = wrapper.application; includeInIndex = 0; path = Clipper.app; sourceTree = BUILT_PRODUCTS_DIR; };
		3F68F761254840DF0064C59A /* AppDelegate.swift */ = {isa = PBXFileReference; lastKnownFileType = sourcecode.swift; path = AppDelegate.swift; sourceTree = "<group>"; };
		3F68F765254840DF0064C59A /* SplashViewController.swift */ = {isa = PBXFileReference; lastKnownFileType = sourcecode.swift; path = SplashViewController.swift; sourceTree = "<group>"; };
		3F68F76A254840E20064C59A /* Assets.xcassets */ = {isa = PBXFileReference; lastKnownFileType = folder.assetcatalog; path = Assets.xcassets; sourceTree = "<group>"; };
		3F68F76D254840E20064C59A /* Base */ = {isa = PBXFileReference; lastKnownFileType = file.storyboard; name = Base; path = Base.lproj/LaunchScreen.storyboard; sourceTree = "<group>"; };
		3F68F76F254840E20064C59A /* Info.plist */ = {isa = PBXFileReference; lastKnownFileType = text.plist.xml; path = Info.plist; sourceTree = "<group>"; };
		3F7D2C612565655F00270714 /* Navigator.swift */ = {isa = PBXFileReference; lastKnownFileType = sourcecode.swift; path = Navigator.swift; sourceTree = "<group>"; };
		3F7D2C662568428B00270714 /* UITableView+Rx.swift */ = {isa = PBXFileReference; lastKnownFileType = sourcecode.swift; path = "UITableView+Rx.swift"; sourceTree = "<group>"; };
		3F7D2C69256DC3EB00270714 /* TrackedValue.swift */ = {isa = PBXFileReference; lastKnownFileType = sourcecode.swift; path = TrackedValue.swift; sourceTree = "<group>"; };
		3FB849EB254F39E300C40CF6 /* MainViewController.swift */ = {isa = PBXFileReference; lastKnownFileType = sourcecode.swift; path = MainViewController.swift; sourceTree = "<group>"; };
		3FB849F6254F46EC00C40CF6 /* MainViewReactor.swift */ = {isa = PBXFileReference; lastKnownFileType = sourcecode.swift; path = MainViewReactor.swift; sourceTree = "<group>"; };
		3FB849F9254F48F700C40CF6 /* SignUpViewController.swift */ = {isa = PBXFileReference; lastKnownFileType = sourcecode.swift; path = SignUpViewController.swift; sourceTree = "<group>"; };
		3FB849FD254F491500C40CF6 /* SignUpViewReactor.swift */ = {isa = PBXFileReference; lastKnownFileType = sourcecode.swift; path = SignUpViewReactor.swift; sourceTree = "<group>"; };
/* End PBXFileReference section */

/* Begin PBXFrameworksBuildPhase section */
		3F68F75B254840DF0064C59A /* Frameworks */ = {
			isa = PBXFrameworksBuildPhase;
			buildActionMask = 2147483647;
			files = (
				3F1121AF2548550200AB2C95 /* RxRelay in Frameworks */,
				3F2986C8254AF7E0003F112F /* SystemConfiguration.framework in Frameworks */,
				3F3D38472552CA02005F35BC /* RxCoreLocation in Frameworks */,
				3F2986D0254B0C10003F112F /* Hero in Frameworks */,
				3F1121AD2548550200AB2C95 /* RxCocoa in Frameworks */,
				3F1121BB2548580C00AB2C95 /* Moya in Frameworks */,
				3F1121D9254875BE00AB2C95 /* RxViewController in Frameworks */,
				3F2986C2254AF7C7003F112F /* LocalAuthentication.framework in Frameworks */,
				3F6480D1255BA7B200B5BF6A /* RxReusableKit in Frameworks */,
				3F6480CF255BA7B200B5BF6A /* ReusableKit in Frameworks */,
				3F2986BE254AF76E003F112F /* GoogleSignInDependencies.framework in Frameworks */,
				3F2986C4254AF7CE003F112F /* SafariServices.framework in Frameworks */,
				3FB849E9254F397400C40CF6 /* FloatingPanel in Frameworks */,
				3FB849F4254F3F3E00C40CF6 /* NMapsMap in Frameworks */,
				3F2986E4254B3C30003F112F /* KeychainAccess in Frameworks */,
				3F7D2C652568373200270714 /* MoyaSugar in Frameworks */,
				3F6480D4255BA93000B5BF6A /* Differentiator in Frameworks */,
				3F1121B32548567700AB2C95 /* ReactorKit in Frameworks */,
				3F2986C6254AF7D7003F112F /* AuthenticationServices.framework in Frameworks */,
				3F1121BD2548580C00AB2C95 /* RxMoya in Frameworks */,
				3F1121AB2548550200AB2C95 /* RxSwift in Frameworks */,
				3F1121B7254856E800AB2C95 /* SnapKit in Frameworks */,
				3F6480D6255BA93000B5BF6A /* RxDataSources in Frameworks */,
				3F1121D02548673B00AB2C95 /* Lottie in Frameworks */,
				3F2986BD254AF76E003F112F /* GoogleSignIn.framework in Frameworks */,
			);
			runOnlyForDeploymentPostprocessing = 0;
		};
/* End PBXFrameworksBuildPhase section */

/* Begin PBXGroup section */
		3F1121BF25485A7D00AB2C95 /* ViewControllers */ = {
			isa = PBXGroup;
			children = (
				3F1121C62548628400AB2C95 /* BaseViewController.swift */,
				3F3D382E254F5CAA005F35BC /* BaseNavigationController.swift */,
				3F68F765254840DF0064C59A /* SplashViewController.swift */,
				3F1121C92548632C00AB2C95 /* SplashViewReactor.swift */,
				3F2986B1254AE5F0003F112F /* SignInViewController.swift */,
				3F2986CB254B0849003F112F /* SignInViewReactor.swift */,
				3FB849F9254F48F700C40CF6 /* SignUpViewController.swift */,
				3FB849FD254F491500C40CF6 /* SignUpViewReactor.swift */,
				3FB849EB254F39E300C40CF6 /* MainViewController.swift */,
				3FB849F6254F46EC00C40CF6 /* MainViewReactor.swift */,
				3F3D3838254F77E9005F35BC /* GreetingViewController.swift */,
				3F3D383B254F77F5005F35BC /* GreetingViewReactor.swift */,
				3F6480C9255BA4A300B5BF6A /* MarkerViewController.swift */,
				3F6480CB255BA59300B5BF6A /* MarkerViewReactor.swift */,
				3F6480C3255A40EF00B5BF6A /* NewClipViewController.swift */,
				3F6480C5255A40FD00B5BF6A /* NewClipViewReactor.swift */,
				3F43822A25720F52008F9805 /* ClipListViewController.swift */,
				3F43822C257210C7008F9805 /* ClipListViewReactor.swift */,
				3F4382342573BB4E008F9805 /* ClipDetailViewController.swift */,
				3F4382362573BB60008F9805 /* ClipDetailViewReactor.swift */,
			);
			path = ViewControllers;
			sourceTree = "<group>";
		};
		3F1121D2254868C100AB2C95 /* animations */ = {
			isa = PBXGroup;
			children = (
				3F1121D3254868E100AB2C95 /* Splash.json */,
			);
			path = animations;
			sourceTree = "<group>";
		};
		3F2986B8254AF75A003F112F /* GoogleSinIn */ = {
			isa = PBXGroup;
			children = (
				3F2986B9254AF76E003F112F /* GoogleSignIn.bundle */,
				3F2986BA254AF76E003F112F /* GoogleSignIn.framework */,
				3F2986BB254AF76E003F112F /* GoogleSignInDependencies.framework */,
			);
			path = GoogleSinIn;
			sourceTree = "<group>";
		};
		3F2986C0254AF7C7003F112F /* Frameworks */ = {
			isa = PBXGroup;
			children = (
				3F2986C7254AF7E0003F112F /* SystemConfiguration.framework */,
				3F2986C5254AF7D6003F112F /* AuthenticationServices.framework */,
				3F2986C3254AF7CE003F112F /* SafariServices.framework */,
				3F2986C1254AF7C7003F112F /* LocalAuthentication.framework */,
			);
			name = Frameworks;
			sourceTree = "<group>";
		};
		3F2986D2254B1392003F112F /* Networking */ = {
			isa = PBXGroup;
			children = (
				3F2986D3254B13CC003F112F /* ClipperAPI.swift */,
			);
			path = Networking;
			sourceTree = "<group>";
		};
		3F2986D6254B1C16003F112F /* Services */ = {
			isa = PBXGroup;
			children = (
				3F3D3833254F7209005F35BC /* Plugins */,
				3F2986D7254B1C27003F112F /* UserService.swift */,
				3F2986E6254B3C58003F112F /* AuthService.swift */,
				3F3D38492552CA80005F35BC /* LocationService.swift */,
				3F226BD32562C6A1007BCDD0 /* MarkerService.swift */,
				3F3D388D255428C3005F35BC /* ClipService.swift */,
			);
			path = Services;
			sourceTree = "<group>";
		};
		3F2986DD254B3A3B003F112F /* Models */ = {
			isa = PBXGroup;
			children = (
				3F2986DE254B3A45003F112F /* User.swift */,
				3F6480E4255C0F2400B5BF6A /* Marker.swift */,
				3F3D388B2554261D005F35BC /* Clip.swift */,
				3F226BD5256452D5007BCDD0 /* Page.swift */,
			);
			path = Models;
			sourceTree = "<group>";
		};
		3F3D3829254F544B005F35BC /* Extensions */ = {
			isa = PBXGroup;
			children = (
				3F3D382A254F5460005F35BC /* ReactorKit+Extension.swift */,
				3F7D2C662568428B00270714 /* UITableView+Rx.swift */,
			);
			path = Extensions;
			sourceTree = "<group>";
		};
		3F3D3833254F7209005F35BC /* Plugins */ = {
			isa = PBXGroup;
			children = (
				3F3D3834254F7216005F35BC /* AuthPlugin.swift */,
			);
			path = Plugins;
			sourceTree = "<group>";
		};
		3F3D383E2552B82A005F35BC /* Views */ = {
			isa = PBXGroup;
			children = (
				3F6480DC255BAE6900B5BF6A /* BaseTableViewCell.swift */,
				3F3D383F2552B86B005F35BC /* MapAccessoriesView.swift */,
				3F3D385525530467005F35BC /* LocationAuthorizationView.swift */,
				3F6480DA255BAE3A00B5BF6A /* MarkerViewActionCell.swift */,
				3F6480E0255BCC4C00B5BF6A /* MarkerViewLocationCell.swift */,
				3F6480E2255BCD0D00B5BF6A /* MarkerViewLoactionCellReactor.swift */,
				3F6480E6255C165000B5BF6A /* MarkerViewItemCell.swift */,
				3F6480E8255C167000B5BF6A /* MarkerViewItemCellReactor.swift */,
				3F438230257226B8008F9805 /* ClipCell.swift */,
				3F438232257226DE008F9805 /* ClipCellReactor.swift */,
				3F54A5C7257A3FAC00375CBD /* AuthorView.swift */,
			);
			path = Views;
			sourceTree = "<group>";
		};
		3F6480D7255BAA1B00B5BF6A /* Sections */ = {
			isa = PBXGroup;
			children = (
				3F6480D8255BAAA100B5BF6A /* MarkerViewSection.swift */,
				3F43822E257225B3008F9805 /* ClipListViewSection.swift */,
			);
			path = Sections;
			sourceTree = "<group>";
		};
		3F68F755254840DF0064C59A = {
			isa = PBXGroup;
			children = (
				3F68F760254840DF0064C59A /* Clipper */,
				3F68F75F254840DF0064C59A /* Products */,
				3F2986C0254AF7C7003F112F /* Frameworks */,
			);
			sourceTree = "<group>";
		};
		3F68F75F254840DF0064C59A /* Products */ = {
			isa = PBXGroup;
			children = (
				3F68F75E254840DF0064C59A /* Clipper.app */,
			);
			name = Products;
			sourceTree = "<group>";
		};
		3F68F760254840DF0064C59A /* Clipper */ = {
			isa = PBXGroup;
			children = (
				3F68F77A254842860064C59A /* Resources */,
				3F68F77B254842970064C59A /* Sources */,
				3F68F77C254842AD0064C59A /* Supports */,
			);
			path = Clipper;
			sourceTree = "<group>";
		};
		3F68F77A254842860064C59A /* Resources */ = {
			isa = PBXGroup;
			children = (
				3F1121D2254868C100AB2C95 /* animations */,
				3F68F76A254840E20064C59A /* Assets.xcassets */,
				3F68F76C254840E20064C59A /* LaunchScreen.storyboard */,
			);
			path = Resources;
			sourceTree = "<group>";
		};
		3F68F77B254842970064C59A /* Sources */ = {
			isa = PBXGroup;
			children = (
				3F7D2C68256DC3D300270714 /* Utils */,
				3F3D3829254F544B005F35BC /* Extensions */,
				3F2986DD254B3A3B003F112F /* Models */,
				3F2986D6254B1C16003F112F /* Services */,
				3F6480D7255BAA1B00B5BF6A /* Sections */,
				3F2986D2254B1392003F112F /* Networking */,
				3F1121BF25485A7D00AB2C95 /* ViewControllers */,
				3F3D383E2552B82A005F35BC /* Views */,
				3F68F761254840DF0064C59A /* AppDelegate.swift */,
				3F1121C025485AC500AB2C95 /* CompositionRoot.swift */,
				3F7D2C612565655F00270714 /* Navigator.swift */,
			);
			path = Sources;
			sourceTree = "<group>";
		};
		3F68F77C254842AD0064C59A /* Supports */ = {
			isa = PBXGroup;
			children = (
				3F2986B8254AF75A003F112F /* GoogleSinIn */,
				3F68F76F254840E20064C59A /* Info.plist */,
			);
			path = Supports;
			sourceTree = "<group>";
		};
		3F7D2C68256DC3D300270714 /* Utils */ = {
			isa = PBXGroup;
			children = (
				3F7D2C69256DC3EB00270714 /* TrackedValue.swift */,
			);
			path = Utils;
			sourceTree = "<group>";
		};
/* End PBXGroup section */

/* Begin PBXNativeTarget section */
		3F68F75D254840DF0064C59A /* Clipper */ = {
			isa = PBXNativeTarget;
			buildConfigurationList = 3F68F772254840E20064C59A /* Build configuration list for PBXNativeTarget "Clipper" */;
			buildPhases = (
				3F68F75A254840DF0064C59A /* Sources */,
				3F68F75B254840DF0064C59A /* Frameworks */,
				3F68F75C254840DF0064C59A /* Resources */,
				3F3D38512552E6AA005F35BC /* CopyFiles */,
				3F3D38522552E6CA005F35BC /* ShellScript */,
			);
			buildRules = (
			);
			dependencies = (
			);
			name = Clipper;
			packageProductDependencies = (
				3F1121AA2548550200AB2C95 /* RxSwift */,
				3F1121AC2548550200AB2C95 /* RxCocoa */,
				3F1121AE2548550200AB2C95 /* RxRelay */,
				3F1121B22548567700AB2C95 /* ReactorKit */,
				3F1121B6254856E800AB2C95 /* SnapKit */,
				3F1121BA2548580C00AB2C95 /* Moya */,
				3F1121BC2548580C00AB2C95 /* RxMoya */,
				3F1121CF2548673B00AB2C95 /* Lottie */,
				3F1121D8254875BE00AB2C95 /* RxViewController */,
				3F2986CF254B0C10003F112F /* Hero */,
				3F2986E3254B3C30003F112F /* KeychainAccess */,
				3FB849E8254F397400C40CF6 /* FloatingPanel */,
				3FB849F3254F3F3E00C40CF6 /* NMapsMap */,
				3F3D38462552CA02005F35BC /* RxCoreLocation */,
				3F6480CE255BA7B200B5BF6A /* ReusableKit */,
				3F6480D0255BA7B200B5BF6A /* RxReusableKit */,
				3F6480D3255BA93000B5BF6A /* Differentiator */,
				3F6480D5255BA93000B5BF6A /* RxDataSources */,
				3F7D2C642568373200270714 /* MoyaSugar */,
			);
			productName = Clipper;
			productReference = 3F68F75E254840DF0064C59A /* Clipper.app */;
			productType = "com.apple.product-type.application";
		};
/* End PBXNativeTarget section */

/* Begin PBXProject section */
		3F68F756254840DF0064C59A /* Project object */ = {
			isa = PBXProject;
			attributes = {
				LastSwiftUpdateCheck = 1210;
				LastUpgradeCheck = 1210;
				TargetAttributes = {
					3F68F75D254840DF0064C59A = {
						CreatedOnToolsVersion = 12.1;
					};
				};
			};
			buildConfigurationList = 3F68F759254840DF0064C59A /* Build configuration list for PBXProject "Clipper" */;
			compatibilityVersion = "Xcode 9.3";
			developmentRegion = en;
			hasScannedForEncodings = 0;
			knownRegions = (
				en,
				Base,
			);
			mainGroup = 3F68F755254840DF0064C59A;
			packageReferences = (
				3F1121A92548550200AB2C95 /* XCRemoteSwiftPackageReference "RxSwift" */,
				3F1121B12548567700AB2C95 /* XCRemoteSwiftPackageReference "ReactorKit" */,
				3F1121B5254856E800AB2C95 /* XCRemoteSwiftPackageReference "SnapKit" */,
				3F1121B92548580C00AB2C95 /* XCRemoteSwiftPackageReference "Moya" */,
				3F1121CE2548673B00AB2C95 /* XCRemoteSwiftPackageReference "lottie-ios" */,
				3F1121D7254875BE00AB2C95 /* XCRemoteSwiftPackageReference "RxViewController" */,
				3F2986CE254B0C10003F112F /* XCRemoteSwiftPackageReference "Hero" */,
				3F2986E2254B3C30003F112F /* XCRemoteSwiftPackageReference "KeychainAccess" */,
				3FB849E7254F397400C40CF6 /* XCRemoteSwiftPackageReference "FloatingPanel" */,
				3FB849F2254F3F3E00C40CF6 /* XCRemoteSwiftPackageReference "NMapsMap-SwiftPM" */,
				3F3D38452552CA02005F35BC /* XCRemoteSwiftPackageReference "RxCoreLocation" */,
				3F6480CD255BA7B200B5BF6A /* XCRemoteSwiftPackageReference "ReusableKit" */,
				3F6480D2255BA93000B5BF6A /* XCRemoteSwiftPackageReference "RxDataSources" */,
				3F7D2C632568373200270714 /* XCRemoteSwiftPackageReference "MoyaSugar" */,
			);
			productRefGroup = 3F68F75F254840DF0064C59A /* Products */;
			projectDirPath = "";
			projectRoot = "";
			targets = (
				3F68F75D254840DF0064C59A /* Clipper */,
			);
		};
/* End PBXProject section */

/* Begin PBXResourcesBuildPhase section */
		3F68F75C254840DF0064C59A /* Resources */ = {
			isa = PBXResourcesBuildPhase;
			buildActionMask = 2147483647;
			files = (
				3F2986BC254AF76E003F112F /* GoogleSignIn.bundle in Resources */,
				3F1121D4254868E100AB2C95 /* Splash.json in Resources */,
				3F68F76E254840E20064C59A /* LaunchScreen.storyboard in Resources */,
				3F68F76B254840E20064C59A /* Assets.xcassets in Resources */,
			);
			runOnlyForDeploymentPostprocessing = 0;
		};
/* End PBXResourcesBuildPhase section */

/* Begin PBXShellScriptBuildPhase section */
		3F3D38522552E6CA005F35BC /* ShellScript */ = {
			isa = PBXShellScriptBuildPhase;
			buildActionMask = 2147483647;
			files = (
			);
			inputFileListPaths = (
			);
			inputPaths = (
			);
			outputFileListPaths = (
			);
			outputPaths = (
			);
			runOnlyForDeploymentPostprocessing = 0;
			shellPath = /bin/sh;
			shellScript = "find \"${CODESIGNING_FOLDER_PATH}\" -name '*.framework' -print0 | while read -d $'\\0' framework \ndo \n    codesign --force --deep --sign \"${EXPANDED_CODE_SIGN_IDENTITY}\" --preserve-metadata=identifier,entitlements --timestamp=none \"${framework}\" \ndone\n";
		};
/* End PBXShellScriptBuildPhase section */

/* Begin PBXSourcesBuildPhase section */
		3F68F75A254840DF0064C59A /* Sources */ = {
			isa = PBXSourcesBuildPhase;
			buildActionMask = 2147483647;
			files = (
				3F6480E1255BCC4C00B5BF6A /* MarkerViewLocationCell.swift in Sources */,
				3F68F766254840DF0064C59A /* SplashViewController.swift in Sources */,
				3F1121C72548628400AB2C95 /* BaseViewController.swift in Sources */,
				3F6480E7255C165000B5BF6A /* MarkerViewItemCell.swift in Sources */,
				3F3D3835254F7216005F35BC /* AuthPlugin.swift in Sources */,
				3F2986D8254B1C27003F112F /* UserService.swift in Sources */,
				3F7D2C6A256DC3EB00270714 /* TrackedValue.swift in Sources */,
				3FB849EC254F39E300C40CF6 /* MainViewController.swift in Sources */,
				3F2986B2254AE5F0003F112F /* SignInViewController.swift in Sources */,
				3F3D384A2552CA80005F35BC /* LocationService.swift in Sources */,
				3F3D382B254F5460005F35BC /* ReactorKit+Extension.swift in Sources */,
				3F1121CA2548632C00AB2C95 /* SplashViewReactor.swift in Sources */,
				3F6480E9255C167000B5BF6A /* MarkerViewItemCellReactor.swift in Sources */,
				3F3D38402552B86B005F35BC /* MapAccessoriesView.swift in Sources */,
				3F226BD42562C6A1007BCDD0 /* MarkerService.swift in Sources */,
				3F226BD6256452D5007BCDD0 /* Page.swift in Sources */,
				3F2986E7254B3C58003F112F /* AuthService.swift in Sources */,
				3F2986D4254B13CC003F112F /* ClipperAPI.swift in Sources */,
				3F6480CC255BA59300B5BF6A /* MarkerViewReactor.swift in Sources */,
				3F4382352573BB4E008F9805 /* ClipDetailViewController.swift in Sources */,
				3F6480E3255BCD0D00B5BF6A /* MarkerViewLoactionCellReactor.swift in Sources */,
				3F438231257226B8008F9805 /* ClipCell.swift in Sources */,
				3F3D383C254F77F5005F35BC /* GreetingViewReactor.swift in Sources */,
				3F43822F257225B3008F9805 /* ClipListViewSection.swift in Sources */,
				3F3D388C2554261D005F35BC /* Clip.swift in Sources */,
				3F7D2C622565655F00270714 /* Navigator.swift in Sources */,
				3F6480CA255BA4A300B5BF6A /* MarkerViewController.swift in Sources */,
				3F438233257226DE008F9805 /* ClipCellReactor.swift in Sources */,
				3F6480DD255BAE6900B5BF6A /* BaseTableViewCell.swift in Sources */,
				3F3D385625530467005F35BC /* LocationAuthorizationView.swift in Sources */,
				3FB849FA254F48F700C40CF6 /* SignUpViewController.swift in Sources */,
				3F6480C6255A40FD00B5BF6A /* NewClipViewReactor.swift in Sources */,
				3FB849FE254F491500C40CF6 /* SignUpViewReactor.swift in Sources */,
				3F6480DB255BAE3A00B5BF6A /* MarkerViewActionCell.swift in Sources */,
				3F43822B25720F52008F9805 /* ClipListViewController.swift in Sources */,
				3F43822D257210C7008F9805 /* ClipListViewReactor.swift in Sources */,
				3F3D388E255428C3005F35BC /* ClipService.swift in Sources */,
				3F1121C125485AC500AB2C95 /* CompositionRoot.swift in Sources */,
				3FB849F7254F46EC00C40CF6 /* MainViewReactor.swift in Sources */,
				3F68F762254840DF0064C59A /* AppDelegate.swift in Sources */,
				3F6480D9255BAAA100B5BF6A /* MarkerViewSection.swift in Sources */,
				3F3D382F254F5CAA005F35BC /* BaseNavigationController.swift in Sources */,
				3F7D2C672568428B00270714 /* UITableView+Rx.swift in Sources */,
				3F6480C4255A40EF00B5BF6A /* NewClipViewController.swift in Sources */,
				3F2986DF254B3A45003F112F /* User.swift in Sources */,
				3F54A5C8257A3FAC00375CBD /* AuthorView.swift in Sources */,
				3F2986CC254B0849003F112F /* SignInViewReactor.swift in Sources */,
				3F3D3839254F77E9005F35BC /* GreetingViewController.swift in Sources */,
				3F6480E5255C0F2400B5BF6A /* Marker.swift in Sources */,
				3F4382372573BB60008F9805 /* ClipDetailViewReactor.swift in Sources */,
			);
			runOnlyForDeploymentPostprocessing = 0;
		};
/* End PBXSourcesBuildPhase section */

/* Begin PBXVariantGroup section */
		3F68F76C254840E20064C59A /* LaunchScreen.storyboard */ = {
			isa = PBXVariantGroup;
			children = (
				3F68F76D254840E20064C59A /* Base */,
			);
			name = LaunchScreen.storyboard;
			sourceTree = "<group>";
		};
/* End PBXVariantGroup section */

/* Begin XCBuildConfiguration section */
		3F68F770254840E20064C59A /* Debug */ = {
			isa = XCBuildConfiguration;
			buildSettings = {
				ALWAYS_SEARCH_USER_PATHS = NO;
				CLANG_ANALYZER_NONNULL = YES;
				CLANG_ANALYZER_NUMBER_OBJECT_CONVERSION = YES_AGGRESSIVE;
				CLANG_CXX_LANGUAGE_STANDARD = "gnu++14";
				CLANG_CXX_LIBRARY = "libc++";
				CLANG_ENABLE_MODULES = YES;
				CLANG_ENABLE_OBJC_ARC = YES;
				CLANG_ENABLE_OBJC_WEAK = YES;
				CLANG_WARN_BLOCK_CAPTURE_AUTORELEASING = YES;
				CLANG_WARN_BOOL_CONVERSION = YES;
				CLANG_WARN_COMMA = YES;
				CLANG_WARN_CONSTANT_CONVERSION = YES;
				CLANG_WARN_DEPRECATED_OBJC_IMPLEMENTATIONS = YES;
				CLANG_WARN_DIRECT_OBJC_ISA_USAGE = YES_ERROR;
				CLANG_WARN_DOCUMENTATION_COMMENTS = YES;
				CLANG_WARN_EMPTY_BODY = YES;
				CLANG_WARN_ENUM_CONVERSION = YES;
				CLANG_WARN_INFINITE_RECURSION = YES;
				CLANG_WARN_INT_CONVERSION = YES;
				CLANG_WARN_NON_LITERAL_NULL_CONVERSION = YES;
				CLANG_WARN_OBJC_IMPLICIT_RETAIN_SELF = YES;
				CLANG_WARN_OBJC_LITERAL_CONVERSION = YES;
				CLANG_WARN_OBJC_ROOT_CLASS = YES_ERROR;
				CLANG_WARN_QUOTED_INCLUDE_IN_FRAMEWORK_HEADER = YES;
				CLANG_WARN_RANGE_LOOP_ANALYSIS = YES;
				CLANG_WARN_STRICT_PROTOTYPES = YES;
				CLANG_WARN_SUSPICIOUS_MOVE = YES;
				CLANG_WARN_UNGUARDED_AVAILABILITY = YES_AGGRESSIVE;
				CLANG_WARN_UNREACHABLE_CODE = YES;
				CLANG_WARN__DUPLICATE_METHOD_MATCH = YES;
				COPY_PHASE_STRIP = NO;
				DEBUG_INFORMATION_FORMAT = dwarf;
				ENABLE_STRICT_OBJC_MSGSEND = YES;
				ENABLE_TESTABILITY = YES;
				GCC_C_LANGUAGE_STANDARD = gnu11;
				GCC_DYNAMIC_NO_PIC = NO;
				GCC_NO_COMMON_BLOCKS = YES;
				GCC_OPTIMIZATION_LEVEL = 0;
				GCC_PREPROCESSOR_DEFINITIONS = (
					"DEBUG=1",
					"$(inherited)",
				);
				GCC_WARN_64_TO_32_BIT_CONVERSION = YES;
				GCC_WARN_ABOUT_RETURN_TYPE = YES_ERROR;
				GCC_WARN_UNDECLARED_SELECTOR = YES;
				GCC_WARN_UNINITIALIZED_AUTOS = YES_AGGRESSIVE;
				GCC_WARN_UNUSED_FUNCTION = YES;
				GCC_WARN_UNUSED_VARIABLE = YES;
				IPHONEOS_DEPLOYMENT_TARGET = 13.0;
				MTL_ENABLE_DEBUG_INFO = INCLUDE_SOURCE;
				MTL_FAST_MATH = YES;
				ONLY_ACTIVE_ARCH = YES;
				SDKROOT = iphoneos;
				SWIFT_ACTIVE_COMPILATION_CONDITIONS = DEBUG;
				SWIFT_OPTIMIZATION_LEVEL = "-Onone";
			};
			name = Debug;
		};
		3F68F771254840E20064C59A /* Release */ = {
			isa = XCBuildConfiguration;
			buildSettings = {
				ALWAYS_SEARCH_USER_PATHS = NO;
				CLANG_ANALYZER_NONNULL = YES;
				CLANG_ANALYZER_NUMBER_OBJECT_CONVERSION = YES_AGGRESSIVE;
				CLANG_CXX_LANGUAGE_STANDARD = "gnu++14";
				CLANG_CXX_LIBRARY = "libc++";
				CLANG_ENABLE_MODULES = YES;
				CLANG_ENABLE_OBJC_ARC = YES;
				CLANG_ENABLE_OBJC_WEAK = YES;
				CLANG_WARN_BLOCK_CAPTURE_AUTORELEASING = YES;
				CLANG_WARN_BOOL_CONVERSION = YES;
				CLANG_WARN_COMMA = YES;
				CLANG_WARN_CONSTANT_CONVERSION = YES;
				CLANG_WARN_DEPRECATED_OBJC_IMPLEMENTATIONS = YES;
				CLANG_WARN_DIRECT_OBJC_ISA_USAGE = YES_ERROR;
				CLANG_WARN_DOCUMENTATION_COMMENTS = YES;
				CLANG_WARN_EMPTY_BODY = YES;
				CLANG_WARN_ENUM_CONVERSION = YES;
				CLANG_WARN_INFINITE_RECURSION = YES;
				CLANG_WARN_INT_CONVERSION = YES;
				CLANG_WARN_NON_LITERAL_NULL_CONVERSION = YES;
				CLANG_WARN_OBJC_IMPLICIT_RETAIN_SELF = YES;
				CLANG_WARN_OBJC_LITERAL_CONVERSION = YES;
				CLANG_WARN_OBJC_ROOT_CLASS = YES_ERROR;
				CLANG_WARN_QUOTED_INCLUDE_IN_FRAMEWORK_HEADER = YES;
				CLANG_WARN_RANGE_LOOP_ANALYSIS = YES;
				CLANG_WARN_STRICT_PROTOTYPES = YES;
				CLANG_WARN_SUSPICIOUS_MOVE = YES;
				CLANG_WARN_UNGUARDED_AVAILABILITY = YES_AGGRESSIVE;
				CLANG_WARN_UNREACHABLE_CODE = YES;
				CLANG_WARN__DUPLICATE_METHOD_MATCH = YES;
				COPY_PHASE_STRIP = NO;
				DEBUG_INFORMATION_FORMAT = "dwarf-with-dsym";
				ENABLE_NS_ASSERTIONS = NO;
				ENABLE_STRICT_OBJC_MSGSEND = YES;
				GCC_C_LANGUAGE_STANDARD = gnu11;
				GCC_NO_COMMON_BLOCKS = YES;
				GCC_WARN_64_TO_32_BIT_CONVERSION = YES;
				GCC_WARN_ABOUT_RETURN_TYPE = YES_ERROR;
				GCC_WARN_UNDECLARED_SELECTOR = YES;
				GCC_WARN_UNINITIALIZED_AUTOS = YES_AGGRESSIVE;
				GCC_WARN_UNUSED_FUNCTION = YES;
				GCC_WARN_UNUSED_VARIABLE = YES;
				IPHONEOS_DEPLOYMENT_TARGET = 13.0;
				MTL_ENABLE_DEBUG_INFO = NO;
				MTL_FAST_MATH = YES;
				SDKROOT = iphoneos;
				SWIFT_COMPILATION_MODE = wholemodule;
				SWIFT_OPTIMIZATION_LEVEL = "-O";
				VALIDATE_PRODUCT = YES;
			};
			name = Release;
		};
		3F68F773254840E20064C59A /* Debug */ = {
			isa = XCBuildConfiguration;
			buildSettings = {
				ASSETCATALOG_COMPILER_APPICON_NAME = AppIcon;
				ASSETCATALOG_COMPILER_GLOBAL_ACCENT_COLOR_NAME = AccentColor;
				CODE_SIGN_STYLE = Automatic;
				CURRENT_PROJECT_VERSION = 1;
				DEVELOPMENT_TEAM = Y4TA4D66R4;
				FRAMEWORK_SEARCH_PATHS = (
					"$(inherited)",
					"$(PROJECT_DIR)/Clipper/Supports/GoogleSinIn",
					"$(PROJECT_DIR)/Clipper/Supports/NaverMap",
				);
				INFOPLIST_FILE = "$(SRCROOT)/Clipper/Supports/Info.plist";
				IPHONEOS_DEPLOYMENT_TARGET = 13.0;
				LD_RUNPATH_SEARCH_PATHS = (
					"$(inherited)",
					"@executable_path/Frameworks",
				);
				OTHER_LDFLAGS = (
					"$(OTHER_LDFLAGS)",
					"-ObjC",
				);
				PRODUCT_BUNDLE_IDENTIFIER = dev.jsryu.clipper;
				PRODUCT_NAME = "$(TARGET_NAME)";
				SWIFT_VERSION = 5.0;
				TARGETED_DEVICE_FAMILY = 1;
				VERSIONING_SYSTEM = "apple-generic";
			};
			name = Debug;
		};
		3F68F774254840E20064C59A /* Release */ = {
			isa = XCBuildConfiguration;
			buildSettings = {
				ASSETCATALOG_COMPILER_APPICON_NAME = AppIcon;
				ASSETCATALOG_COMPILER_GLOBAL_ACCENT_COLOR_NAME = AccentColor;
				CODE_SIGN_STYLE = Automatic;
				CURRENT_PROJECT_VERSION = 1;
				DEVELOPMENT_TEAM = Y4TA4D66R4;
				FRAMEWORK_SEARCH_PATHS = (
					"$(inherited)",
					"$(PROJECT_DIR)/Clipper/Supports/GoogleSinIn",
					"$(PROJECT_DIR)/Clipper/Supports/NaverMap",
				);
				INFOPLIST_FILE = "$(SRCROOT)/Clipper/Supports/Info.plist";
				IPHONEOS_DEPLOYMENT_TARGET = 13.0;
				LD_RUNPATH_SEARCH_PATHS = (
					"$(inherited)",
					"@executable_path/Frameworks",
				);
				OTHER_LDFLAGS = (
					"$(OTHER_LDFLAGS)",
					"-ObjC",
				);
				PRODUCT_BUNDLE_IDENTIFIER = dev.jsryu.clipper;
				PRODUCT_NAME = "$(TARGET_NAME)";
				SWIFT_VERSION = 5.0;
				TARGETED_DEVICE_FAMILY = 1;
				VERSIONING_SYSTEM = "apple-generic";
			};
			name = Release;
		};
/* End XCBuildConfiguration section */

/* Begin XCConfigurationList section */
		3F68F759254840DF0064C59A /* Build configuration list for PBXProject "Clipper" */ = {
			isa = XCConfigurationList;
			buildConfigurations = (
				3F68F770254840E20064C59A /* Debug */,
				3F68F771254840E20064C59A /* Release */,
			);
			defaultConfigurationIsVisible = 0;
			defaultConfigurationName = Release;
		};
		3F68F772254840E20064C59A /* Build configuration list for PBXNativeTarget "Clipper" */ = {
			isa = XCConfigurationList;
			buildConfigurations = (
				3F68F773254840E20064C59A /* Debug */,
				3F68F774254840E20064C59A /* Release */,
			);
			defaultConfigurationIsVisible = 0;
			defaultConfigurationName = Release;
		};
/* End XCConfigurationList section */

/* Begin XCRemoteSwiftPackageReference section */
		3F1121A92548550200AB2C95 /* XCRemoteSwiftPackageReference "RxSwift" */ = {
			isa = XCRemoteSwiftPackageReference;
			repositoryURL = "https://github.com/ReactiveX/RxSwift.git";
			requirement = {
				kind = upToNextMajorVersion;
				minimumVersion = 5.1.1;
			};
		};
		3F1121B12548567700AB2C95 /* XCRemoteSwiftPackageReference "ReactorKit" */ = {
			isa = XCRemoteSwiftPackageReference;
			repositoryURL = "https://github.com/ReactorKit/ReactorKit.git";
			requirement = {
				kind = upToNextMajorVersion;
				minimumVersion = 2.1.0;
			};
		};
		3F1121B5254856E800AB2C95 /* XCRemoteSwiftPackageReference "SnapKit" */ = {
			isa = XCRemoteSwiftPackageReference;
			repositoryURL = "https://github.com/SnapKit/SnapKit.git";
			requirement = {
				kind = upToNextMajorVersion;
				minimumVersion = 5.0.1;
			};
		};
		3F1121B92548580C00AB2C95 /* XCRemoteSwiftPackageReference "Moya" */ = {
			isa = XCRemoteSwiftPackageReference;
			repositoryURL = "https://github.com/Moya/Moya.git";
			requirement = {
				kind = upToNextMajorVersion;
				minimumVersion = 14.0.0;
			};
		};
		3F1121CE2548673B00AB2C95 /* XCRemoteSwiftPackageReference "lottie-ios" */ = {
			isa = XCRemoteSwiftPackageReference;
			repositoryURL = "https://github.com/airbnb/lottie-ios.git";
			requirement = {
				kind = upToNextMajorVersion;
				minimumVersion = 3.1.8;
			};
		};
		3F1121D7254875BE00AB2C95 /* XCRemoteSwiftPackageReference "RxViewController" */ = {
			isa = XCRemoteSwiftPackageReference;
			repositoryURL = "https://github.com/devxoul/RxViewController.git";
			requirement = {
				kind = upToNextMajorVersion;
				minimumVersion = 1.0.0;
			};
		};
		3F2986CE254B0C10003F112F /* XCRemoteSwiftPackageReference "Hero" */ = {
			isa = XCRemoteSwiftPackageReference;
			repositoryURL = "https://github.com/HeroTransitions/Hero.git";
			requirement = {
				kind = upToNextMajorVersion;
				minimumVersion = 1.5.0;
			};
		};
		3F2986E2254B3C30003F112F /* XCRemoteSwiftPackageReference "KeychainAccess" */ = {
			isa = XCRemoteSwiftPackageReference;
			repositoryURL = "https://github.com/kishikawakatsumi/KeychainAccess.git";
			requirement = {
				kind = upToNextMajorVersion;
				minimumVersion = 4.2.1;
			};
		};
		3F3D38452552CA02005F35BC /* XCRemoteSwiftPackageReference "RxCoreLocation" */ = {
			isa = XCRemoteSwiftPackageReference;
			repositoryURL = "https://github.com/RxSwiftCommunity/RxCoreLocation.git";
			requirement = {
				kind = upToNextMajorVersion;
				minimumVersion = 1.5.0;
			};
		};
		3F6480CD255BA7B200B5BF6A /* XCRemoteSwiftPackageReference "ReusableKit" */ = {
			isa = XCRemoteSwiftPackageReference;
			repositoryURL = "https://github.com/devxoul/ReusableKit.git";
			requirement = {
				kind = upToNextMajorVersion;
				minimumVersion = 3.0.0;
			};
		};
		3F6480D2255BA93000B5BF6A /* XCRemoteSwiftPackageReference "RxDataSources" */ = {
			isa = XCRemoteSwiftPackageReference;
			repositoryURL = "https://github.com/RxSwiftCommunity/RxDataSources.git";
			requirement = {
				kind = upToNextMajorVersion;
				minimumVersion = 4.0.1;
			};
		};
		3F7D2C632568373200270714 /* XCRemoteSwiftPackageReference "MoyaSugar" */ = {
			isa = XCRemoteSwiftPackageReference;
			repositoryURL = "https://github.com/devxoul/MoyaSugar.git";
			requirement = {
				kind = upToNextMajorVersion;
				minimumVersion = 1.3.3;
			};
		};
		3FB849E7254F397400C40CF6 /* XCRemoteSwiftPackageReference "FloatingPanel" */ = {
			isa = XCRemoteSwiftPackageReference;
			repositoryURL = "https://github.com/SCENEE/FloatingPanel.git";
			requirement = {
				kind = upToNextMajorVersion;
				minimumVersion = 2.0.1;
			};
		};
		3FB849F2254F3F3E00C40CF6 /* XCRemoteSwiftPackageReference "NMapsMap-SwiftPM" */ = {
			isa = XCRemoteSwiftPackageReference;
			repositoryURL = "https://github.com/stleamist/NMapsMap-SwiftPM.git";
			requirement = {
				kind = upToNextMajorVersion;
				minimumVersion = "3.10.0+run33";
			};
		};
/* End XCRemoteSwiftPackageReference section */

/* Begin XCSwiftPackageProductDependency section */
		3F1121AA2548550200AB2C95 /* RxSwift */ = {
			isa = XCSwiftPackageProductDependency;
			package = 3F1121A92548550200AB2C95 /* XCRemoteSwiftPackageReference "RxSwift" */;
			productName = RxSwift;
		};
		3F1121AC2548550200AB2C95 /* RxCocoa */ = {
			isa = XCSwiftPackageProductDependency;
			package = 3F1121A92548550200AB2C95 /* XCRemoteSwiftPackageReference "RxSwift" */;
			productName = RxCocoa;
		};
		3F1121AE2548550200AB2C95 /* RxRelay */ = {
			isa = XCSwiftPackageProductDependency;
			package = 3F1121A92548550200AB2C95 /* XCRemoteSwiftPackageReference "RxSwift" */;
			productName = RxRelay;
		};
		3F1121B22548567700AB2C95 /* ReactorKit */ = {
			isa = XCSwiftPackageProductDependency;
			package = 3F1121B12548567700AB2C95 /* XCRemoteSwiftPackageReference "ReactorKit" */;
			productName = ReactorKit;
		};
		3F1121B6254856E800AB2C95 /* SnapKit */ = {
			isa = XCSwiftPackageProductDependency;
			package = 3F1121B5254856E800AB2C95 /* XCRemoteSwiftPackageReference "SnapKit" */;
			productName = SnapKit;
		};
		3F1121BA2548580C00AB2C95 /* Moya */ = {
			isa = XCSwiftPackageProductDependency;
			package = 3F1121B92548580C00AB2C95 /* XCRemoteSwiftPackageReference "Moya" */;
			productName = Moya;
		};
		3F1121BC2548580C00AB2C95 /* RxMoya */ = {
			isa = XCSwiftPackageProductDependency;
			package = 3F1121B92548580C00AB2C95 /* XCRemoteSwiftPackageReference "Moya" */;
			productName = RxMoya;
		};
		3F1121CF2548673B00AB2C95 /* Lottie */ = {
			isa = XCSwiftPackageProductDependency;
			package = 3F1121CE2548673B00AB2C95 /* XCRemoteSwiftPackageReference "lottie-ios" */;
			productName = Lottie;
		};
		3F1121D8254875BE00AB2C95 /* RxViewController */ = {
			isa = XCSwiftPackageProductDependency;
			package = 3F1121D7254875BE00AB2C95 /* XCRemoteSwiftPackageReference "RxViewController" */;
			productName = RxViewController;
		};
		3F2986CF254B0C10003F112F /* Hero */ = {
			isa = XCSwiftPackageProductDependency;
			package = 3F2986CE254B0C10003F112F /* XCRemoteSwiftPackageReference "Hero" */;
			productName = Hero;
		};
		3F2986E3254B3C30003F112F /* KeychainAccess */ = {
			isa = XCSwiftPackageProductDependency;
			package = 3F2986E2254B3C30003F112F /* XCRemoteSwiftPackageReference "KeychainAccess" */;
			productName = KeychainAccess;
		};
		3F3D38462552CA02005F35BC /* RxCoreLocation */ = {
			isa = XCSwiftPackageProductDependency;
			package = 3F3D38452552CA02005F35BC /* XCRemoteSwiftPackageReference "RxCoreLocation" */;
			productName = RxCoreLocation;
		};
		3F6480CE255BA7B200B5BF6A /* ReusableKit */ = {
			isa = XCSwiftPackageProductDependency;
			package = 3F6480CD255BA7B200B5BF6A /* XCRemoteSwiftPackageReference "ReusableKit" */;
			productName = ReusableKit;
		};
		3F6480D0255BA7B200B5BF6A /* RxReusableKit */ = {
			isa = XCSwiftPackageProductDependency;
			package = 3F6480CD255BA7B200B5BF6A /* XCRemoteSwiftPackageReference "ReusableKit" */;
			productName = RxReusableKit;
		};
		3F6480D3255BA93000B5BF6A /* Differentiator */ = {
			isa = XCSwiftPackageProductDependency;
			package = 3F6480D2255BA93000B5BF6A /* XCRemoteSwiftPackageReference "RxDataSources" */;
			productName = Differentiator;
		};
		3F6480D5255BA93000B5BF6A /* RxDataSources */ = {
			isa = XCSwiftPackageProductDependency;
			package = 3F6480D2255BA93000B5BF6A /* XCRemoteSwiftPackageReference "RxDataSources" */;
			productName = RxDataSources;
		};
		3F7D2C642568373200270714 /* MoyaSugar */ = {
			isa = XCSwiftPackageProductDependency;
			package = 3F7D2C632568373200270714 /* XCRemoteSwiftPackageReference "MoyaSugar" */;
			productName = MoyaSugar;
		};
		3FB849E8254F397400C40CF6 /* FloatingPanel */ = {
			isa = XCSwiftPackageProductDependency;
			package = 3FB849E7254F397400C40CF6 /* XCRemoteSwiftPackageReference "FloatingPanel" */;
			productName = FloatingPanel;
		};
		3FB849F3254F3F3E00C40CF6 /* NMapsMap */ = {
			isa = XCSwiftPackageProductDependency;
			package = 3FB849F2254F3F3E00C40CF6 /* XCRemoteSwiftPackageReference "NMapsMap-SwiftPM" */;
			productName = NMapsMap;
		};
/* End XCSwiftPackageProductDependency section */
	};
	rootObject = 3F68F756254840DF0064C59A /* Project object */;
}
